# This file is automatically @generated by Wally.
# It is not intended for manual editing.
registry = "test"

[[package]]
name = "evaera/plasma"
version = "0.4.2"
dependencies = [["TestEZ", "roblox/testez@0.4.1"]]

[[package]]
name = "roblox/rodux"
version = "3.0.0"
dependencies = []

[[package]]
name = "roblox/testez"
version = "0.4.1"
dependencies = []

[[package]]
name = "theepictwin/track-position-plugin"
version = "1.0.0"
dependencies = [["plasma", "evaera/plasma@0.4.2"], ["rodux", "roblox/rodux@3.0.0"]]
